
Microsoft Visual Studio Solution File, Format Version 12.00
# Visual Studio Version 16
VisualStudioVersion = 16.0.29230.47
MinimumVisualStudioVersion = 10.0.40219.1
Project("{FAE04EC0-301F-11D3-BF4B-00C04F79EFBC}") = "solution1", "solution1\solution1.csproj", "{0CCA0F97-B551-43CB-AD25-7C7E8F1C457C}"
EndProject
Project("{FAE04EC0-301F-11D3-BF4B-00C04F79EFBC}") = "solution2", "solution2\solution2.csproj", "{88F21FD6-93C1-4D5B-BA44-A138F7433DCC}"
EndProject
Project("{FAE04EC0-301F-11D3-BF4B-00C04F79EFBC}") = "NorthwindDbReader", "NorthwindDbReader\NorthwindDbReader.csproj", "{3A817AD9-A075-4F37-9CCF-249302147D9E}"
EndProject
Global
	GlobalSection(SolutionConfigurationPlatforms) = preSolution
		Debug|Any CPU = Debug|Any CPU
		Release|Any CPU = Release|Any CPU
	EndGlobalSection
	GlobalSection(ProjectConfigurationPlatforms) = postSolution
		{0CCA0F97-B551-43CB-AD25-7C7E8F1C457C}.Debug|Any CPU.ActiveCfg = Debug|Any CPU
		{0CCA0F97-B551-43CB-AD25-7C7E8F1C457C}.Debug|Any CPU.Build.0 = Debug|Any CPU
		{0CCA0F97-B551-43CB-AD25-7C7E8F1C457C}.Release|Any CPU.ActiveCfg = Release|Any CPU
		{0CCA0F97-B551-43CB-AD25-7C7E8F1C457C}.Release|Any CPU.Build.0 = Release|Any CPU
		{88F21FD6-93C1-4D5B-BA44-A138F7433DCC}.Debug|Any CPU.ActiveCfg = Debug|Any CPU
		{88F21FD6-93C1-4D5B-BA44-A138F7433DCC}.Debug|Any CPU.Build.0 = Debug|Any CPU
		{88F21FD6-93C1-4D5B-BA44-A138F7433DCC}.Release|Any CPU.ActiveCfg = Release|Any CPU
		{88F21FD6-93C1-4D5B-BA44-A138F7433DCC}.Release|Any CPU.Build.0 = Release|Any CPU
		{3A817AD9-A075-4F37-9CCF-249302147D9E}.Debug|Any CPU.ActiveCfg = Debug|Any CPU
		{3A817AD9-A075-4F37-9CCF-249302147D9E}.Debug|Any CPU.Build.0 = Debug|Any CPU
		{3A817AD9-A075-4F37-9CCF-249302147D9E}.Release|Any CPU.ActiveCfg = Release|Any CPU
		{3A817AD9-A075-4F37-9CCF-249302147D9E}.Release|Any CPU.Build.0 = Release|Any CPU
	EndGlobalSection
	GlobalSection(SolutionProperties) = preSolution
		HideSolutionNode = FALSE
	EndGlobalSection
	GlobalSection(ExtensibilityGlobals) = postSolution
		SolutionGuid = {9F98A738-6F79-4069-915D-FA69F6BE3893}
	EndGlobalSection
EndGlobal
